
Microsoft Visual Studio Solution File, Format Version 12.00
Project("{FAE04EC0-301F-11D3-BF4B-00C04F79EFBC}") = "D20Tools.CLI", "D20Tools.CLI\D20Tools.CLI.csproj", "{919FA538-507F-4283-A58C-B0452682DBF5}"
EndProject
Project("{FAE04EC0-301F-11D3-BF4B-00C04F79EFBC}") = "D20Tools.Lib.Core", "D20Tools.Lib.Core\D20Tools.Lib.Core.csproj", "{C35AD78F-E090-4664-B065-492BE7A7964F}"
EndProject
Project("{FAE04EC0-301F-11D3-BF4B-00C04F79EFBC}") = "D20.Test.Core", "D20.Test.Core\D20.Test.Core.csproj", "{D6EF9E0F-D344-42A0-AB3F-DD38AE3749A4}"
EndProject
Global
	GlobalSection(SolutionConfigurationPlatforms) = preSolution
		Debug|Any CPU = Debug|Any CPU
		Release|Any CPU = Release|Any CPU
	EndGlobalSection
	GlobalSection(ProjectConfigurationPlatforms) = postSolution
		{919FA538-507F-4283-A58C-B0452682DBF5}.Debug|Any CPU.ActiveCfg = Debug|Any CPU
		{919FA538-507F-4283-A58C-B0452682DBF5}.Debug|Any CPU.Build.0 = Debug|Any CPU
		{919FA538-507F-4283-A58C-B0452682DBF5}.Release|Any CPU.ActiveCfg = Release|Any CPU
		{919FA538-507F-4283-A58C-B0452682DBF5}.Release|Any CPU.Build.0 = Release|Any CPU
		{C35AD78F-E090-4664-B065-492BE7A7964F}.Debug|Any CPU.ActiveCfg = Debug|Any CPU
		{C35AD78F-E090-4664-B065-492BE7A7964F}.Debug|Any CPU.Build.0 = Debug|Any CPU
		{C35AD78F-E090-4664-B065-492BE7A7964F}.Release|Any CPU.ActiveCfg = Release|Any CPU
		{C35AD78F-E090-4664-B065-492BE7A7964F}.Release|Any CPU.Build.0 = Release|Any CPU
		{D6EF9E0F-D344-42A0-AB3F-DD38AE3749A4}.Debug|Any CPU.ActiveCfg = Debug|Any CPU
		{D6EF9E0F-D344-42A0-AB3F-DD38AE3749A4}.Debug|Any CPU.Build.0 = Debug|Any CPU
		{D6EF9E0F-D344-42A0-AB3F-DD38AE3749A4}.Release|Any CPU.ActiveCfg = Release|Any CPU
		{D6EF9E0F-D344-42A0-AB3F-DD38AE3749A4}.Release|Any CPU.Build.0 = Release|Any CPU
	EndGlobalSection
EndGlobal
